
Microsoft Visual Studio Solution File, Format Version 12.00
# Visual Studio 2012
Project("{FAE04EC0-301F-11D3-BF4B-00C04F79EFBC}") = "MC_Custom_Updater", "MC_Custom_Updater.csproj", "{16F3B52B-38DC-428A-A065-7B772E1A5AFF}"
EndProject
Global
	GlobalSection(SolutionConfigurationPlatforms) = preSolution
		Debug|Any CPU = Debug|Any CPU
		Release|Any CPU = Release|Any CPU
	EndGlobalSection
	GlobalSection(ProjectConfigurationPlatforms) = postSolution
		{16F3B52B-38DC-428A-A065-7B772E1A5AFF}.Debug|Any CPU.ActiveCfg = Debug|Any CPU
		{16F3B52B-38DC-428A-A065-7B772E1A5AFF}.Debug|Any CPU.Build.0 = Debug|Any CPU
		{16F3B52B-38DC-428A-A065-7B772E1A5AFF}.Release|Any CPU.ActiveCfg = Release|Any CPU
		{16F3B52B-38DC-428A-A065-7B772E1A5AFF}.Release|Any CPU.Build.0 = Release|Any CPU
	EndGlobalSection
	GlobalSection(SolutionProperties) = preSolution
		HideSolutionNode = FALSE
	EndGlobalSection
EndGlobal
